// !$*UTF8*$!
{
	archiveVersion = 1;
	classes = {
	};
	objectVersion = 50;
	objects = {

/* Begin PBXBuildFile section */
		4CA1730DF8921720BA15C0B6 /* Pods_DateGoPrototype.framework in Frameworks */ = {isa = PBXBuildFile; fileRef = A2E959866A7D2E966E9995F5 /* Pods_DateGoPrototype.framework */; };
		85930F9C20848E7100A8519E /* AppDelegate.swift in Sources */ = {isa = PBXBuildFile; fileRef = 85930F9B20848E7100A8519E /* AppDelegate.swift */; };
		85930F9E20848E7100A8519E /* ViewController.swift in Sources */ = {isa = PBXBuildFile; fileRef = 85930F9D20848E7100A8519E /* ViewController.swift */; };
		85930FA120848E7100A8519E /* Main.storyboard in Resources */ = {isa = PBXBuildFile; fileRef = 85930F9F20848E7100A8519E /* Main.storyboard */; };
		85930FA420848E7100A8519E /* DateGoPrototype.xcdatamodeld in Sources */ = {isa = PBXBuildFile; fileRef = 85930FA220848E7100A8519E /* DateGoPrototype.xcdatamodeld */; };
		85930FA620848E7200A8519E /* Assets.xcassets in Resources */ = {isa = PBXBuildFile; fileRef = 85930FA520848E7200A8519E /* Assets.xcassets */; };
		85930FA920848E7200A8519E /* LaunchScreen.storyboard in Resources */ = {isa = PBXBuildFile; fileRef = 85930FA720848E7200A8519E /* LaunchScreen.storyboard */; };
		85930FB32085DE0800A8519E /* Body.scn in Resources */ = {isa = PBXBuildFile; fileRef = 85930FB22085DC8A00A8519E /* Body.scn */; };
		85EE8D10208B795E00C4F185 /* SlideMenuViewController.swift in Sources */ = {isa = PBXBuildFile; fileRef = 85EE8D0F208B795E00C4F185 /* SlideMenuViewController.swift */; };
		85EE8D12208B7AF100C4F185 /* MenuController.swift in Sources */ = {isa = PBXBuildFile; fileRef = 85EE8D11208B7AF100C4F185 /* MenuController.swift */; };
/* End PBXBuildFile section */

/* Begin PBXFileReference section */
		7E3FABB1120714A1FADBF78B /* Pods-DateGoPrototype.release.xcconfig */ = {isa = PBXFileReference; includeInIndex = 1; lastKnownFileType = text.xcconfig; name = "Pods-DateGoPrototype.release.xcconfig"; path = "Pods/Target Support Files/Pods-DateGoPrototype/Pods-DateGoPrototype.release.xcconfig"; sourceTree = "<group>"; };
		85930F9820848E7100A8519E /* DateGoPrototype.app */ = {isa = PBXFileReference; explicitFileType = wrapper.application; includeInIndex = 0; path = DateGoPrototype.app; sourceTree = BUILT_PRODUCTS_DIR; };
		85930F9B20848E7100A8519E /* AppDelegate.swift */ = {isa = PBXFileReference; lastKnownFileType = sourcecode.swift; path = AppDelegate.swift; sourceTree = "<group>"; };
		85930F9D20848E7100A8519E /* ViewController.swift */ = {isa = PBXFileReference; lastKnownFileType = sourcecode.swift; path = ViewController.swift; sourceTree = "<group>"; };
		85930FA020848E7100A8519E /* Base */ = {isa = PBXFileReference; lastKnownFileType = file.storyboard; name = Base; path = Base.lproj/Main.storyboard; sourceTree = "<group>"; };
		85930FA320848E7100A8519E /* DateGoPrototype.xcdatamodel */ = {isa = PBXFileReference; lastKnownFileType = wrapper.xcdatamodel; path = DateGoPrototype.xcdatamodel; sourceTree = "<group>"; };
		85930FA520848E7200A8519E /* Assets.xcassets */ = {isa = PBXFileReference; lastKnownFileType = folder.assetcatalog; path = Assets.xcassets; sourceTree = "<group>"; };
		85930FA820848E7200A8519E /* Base */ = {isa = PBXFileReference; lastKnownFileType = file.storyboard; name = Base; path = Base.lproj/LaunchScreen.storyboard; sourceTree = "<group>"; };
		85930FAA20848E7200A8519E /* Info.plist */ = {isa = PBXFileReference; lastKnownFileType = text.plist.xml; path = Info.plist; sourceTree = "<group>"; };
		85930FB22085DC8A00A8519E /* Body.scn */ = {isa = PBXFileReference; lastKnownFileType = file.bplist; path = Body.scn; sourceTree = "<group>"; };
		85EE8D0D208B78FB00C4F185 /* DateGo-Bridge.h */ = {isa = PBXFileReference; lastKnownFileType = sourcecode.c.h; path = "DateGo-Bridge.h"; sourceTree = "<group>"; };
		85EE8D0F208B795E00C4F185 /* SlideMenuViewController.swift */ = {isa = PBXFileReference; lastKnownFileType = sourcecode.swift; name = SlideMenuViewController.swift; path = DateGoPrototype/SlideMenuViewController.swift; sourceTree = SOURCE_ROOT; };
		85EE8D11208B7AF100C4F185 /* MenuController.swift */ = {isa = PBXFileReference; lastKnownFileType = sourcecode.swift; path = MenuController.swift; sourceTree = "<group>"; };
		A2E959866A7D2E966E9995F5 /* Pods_DateGoPrototype.framework */ = {isa = PBXFileReference; explicitFileType = wrapper.framework; includeInIndex = 0; path = Pods_DateGoPrototype.framework; sourceTree = BUILT_PRODUCTS_DIR; };
		EC528A178AD8501E5B5F13B0 /* Pods-DateGoPrototype.debug.xcconfig */ = {isa = PBXFileReference; includeInIndex = 1; lastKnownFileType = text.xcconfig; name = "Pods-DateGoPrototype.debug.xcconfig"; path = "Pods/Target Support Files/Pods-DateGoPrototype/Pods-DateGoPrototype.debug.xcconfig"; sourceTree = "<group>"; };
/* End PBXFileReference section */

/* Begin PBXFrameworksBuildPhase section */
		85930F9520848E7100A8519E /* Frameworks */ = {
			isa = PBXFrameworksBuildPhase;
			buildActionMask = 2147483647;
			files = (
				4CA1730DF8921720BA15C0B6 /* Pods_DateGoPrototype.framework in Frameworks */,
			);
			runOnlyForDeploymentPostprocessing = 0;
		};
/* End PBXFrameworksBuildPhase section */

/* Begin PBXGroup section */
		793395A74F9167317657A281 /* Frameworks */ = {
			isa = PBXGroup;
			children = (
				A2E959866A7D2E966E9995F5 /* Pods_DateGoPrototype.framework */,
			);
			name = Frameworks;
			sourceTree = "<group>";
		};
		85930F8F20848E7100A8519E = {
			isa = PBXGroup;
			children = (
				85930F9A20848E7100A8519E /* DateGoPrototype */,
				85930F9920848E7100A8519E /* Products */,
				F959A08FC245697A1282B06E /* Pods */,
				793395A74F9167317657A281 /* Frameworks */,
			);
			sourceTree = "<group>";
		};
		85930F9920848E7100A8519E /* Products */ = {
			isa = PBXGroup;
			children = (
				85930F9820848E7100A8519E /* DateGoPrototype.app */,
			);
			name = Products;
			sourceTree = "<group>";
		};
		85930F9A20848E7100A8519E /* DateGoPrototype */ = {
			isa = PBXGroup;
			children = (
				85EE8D0E208B791000C4F185 /* ViewDeck */,
				85930FB22085DC8A00A8519E /* Body.scn */,
				85930F9B20848E7100A8519E /* AppDelegate.swift */,
				85930F9D20848E7100A8519E /* ViewController.swift */,
				85930F9F20848E7100A8519E /* Main.storyboard */,
				85930FA520848E7200A8519E /* Assets.xcassets */,
				85930FA720848E7200A8519E /* LaunchScreen.storyboard */,
				85930FAA20848E7200A8519E /* Info.plist */,
				85930FA220848E7100A8519E /* DateGoPrototype.xcdatamodeld */,
				85EE8D0D208B78FB00C4F185 /* DateGo-Bridge.h */,
			);
			path = DateGoPrototype;
			sourceTree = "<group>";
		};
		85EE8D0E208B791000C4F185 /* ViewDeck */ = {
			isa = PBXGroup;
			children = (
				85EE8D0F208B795E00C4F185 /* SlideMenuViewController.swift */,
				85EE8D11208B7AF100C4F185 /* MenuController.swift */,
			);
			path = ViewDeck;
			sourceTree = "<group>";
		};
		F959A08FC245697A1282B06E /* Pods */ = {
			isa = PBXGroup;
			children = (
				EC528A178AD8501E5B5F13B0 /* Pods-DateGoPrototype.debug.xcconfig */,
				7E3FABB1120714A1FADBF78B /* Pods-DateGoPrototype.release.xcconfig */,
			);
			name = Pods;
			sourceTree = "<group>";
		};
/* End PBXGroup section */

/* Begin PBXNativeTarget section */
		85930F9720848E7100A8519E /* DateGoPrototype */ = {
			isa = PBXNativeTarget;
			buildConfigurationList = 85930FAD20848E7200A8519E /* Build configuration list for PBXNativeTarget "DateGoPrototype" */;
			buildPhases = (
				E141A5EF1E9CBDAC945A51FD /* [CP] Check Pods Manifest.lock */,
				85930F9420848E7100A8519E /* Sources */,
				85930F9520848E7100A8519E /* Frameworks */,
				85930F9620848E7100A8519E /* Resources */,
				7626CD990EB5A086678A8D4F /* [CP] Embed Pods Frameworks */,
			);
			buildRules = (
			);
			dependencies = (
			);
			name = DateGoPrototype;
			productName = DateGoPrototype;
			productReference = 85930F9820848E7100A8519E /* DateGoPrototype.app */;
			productType = "com.apple.product-type.application";
		};
/* End PBXNativeTarget section */

/* Begin PBXProject section */
		85930F9020848E7100A8519E /* Project object */ = {
			isa = PBXProject;
			attributes = {
				LastSwiftUpdateCheck = 0930;
				LastUpgradeCheck = 0930;
				ORGANIZATIONNAME = DateGo;
				TargetAttributes = {
					85930F9720848E7100A8519E = {
						CreatedOnToolsVersion = 9.3;
					};
				};
			};
			buildConfigurationList = 85930F9320848E7100A8519E /* Build configuration list for PBXProject "DateGoPrototype" */;
			compatibilityVersion = "Xcode 9.3";
			developmentRegion = en;
			hasScannedForEncodings = 0;
			knownRegions = (
				en,
				Base,
			);
			mainGroup = 85930F8F20848E7100A8519E;
			productRefGroup = 85930F9920848E7100A8519E /* Products */;
			projectDirPath = "";
			projectRoot = "";
			targets = (
				85930F9720848E7100A8519E /* DateGoPrototype */,
			);
		};
/* End PBXProject section */

/* Begin PBXResourcesBuildPhase section */
		85930F9620848E7100A8519E /* Resources */ = {
			isa = PBXResourcesBuildPhase;
			buildActionMask = 2147483647;
			files = (
				85930FA920848E7200A8519E /* LaunchScreen.storyboard in Resources */,
				85930FA620848E7200A8519E /* Assets.xcassets in Resources */,
				85930FA120848E7100A8519E /* Main.storyboard in Resources */,
				85930FB32085DE0800A8519E /* Body.scn in Resources */,
			);
			runOnlyForDeploymentPostprocessing = 0;
		};
/* End PBXResourcesBuildPhase section */

/* Begin PBXShellScriptBuildPhase section */
		7626CD990EB5A086678A8D4F /* [CP] Embed Pods Frameworks */ = {
			isa = PBXShellScriptBuildPhase;
			buildActionMask = 2147483647;
			files = (
			);
			inputPaths = (
				"${SRCROOT}/Pods/Target Support Files/Pods-DateGoPrototype/Pods-DateGoPrototype-frameworks.sh",
				"${PODS_ROOT}/Mapbox-iOS-SDK/dynamic/Mapbox.framework",
				"${PODS_ROOT}/Mapbox-iOS-SDK/dynamic/Mapbox.framework.dSYM",
				"${BUILT_PRODUCTS_DIR}/ViewDeck/ViewDeck.framework",
			);
			name = "[CP] Embed Pods Frameworks";
			outputPaths = (
				"${TARGET_BUILD_DIR}/${FRAMEWORKS_FOLDER_PATH}/Mapbox.framework",
				"${DWARF_DSYM_FOLDER_PATH}/Mapbox.framework.dSYM",
				"${TARGET_BUILD_DIR}/${FRAMEWORKS_FOLDER_PATH}/ViewDeck.framework",
			);
			runOnlyForDeploymentPostprocessing = 0;
			shellPath = /bin/sh;
			shellScript = "\"${SRCROOT}/Pods/Target Support Files/Pods-DateGoPrototype/Pods-DateGoPrototype-frameworks.sh\"\n";
			showEnvVarsInLog = 0;
		};
		E141A5EF1E9CBDAC945A51FD /* [CP] Check Pods Manifest.lock */ = {
			isa = PBXShellScriptBuildPhase;
			buildActionMask = 2147483647;
			files = (
			);
			inputPaths = (
				"${PODS_PODFILE_DIR_PATH}/Podfile.lock",
				"${PODS_ROOT}/Manifest.lock",
			);
			name = "[CP] Check Pods Manifest.lock";
			outputPaths = (
				"$(DERIVED_FILE_DIR)/Pods-DateGoPrototype-checkManifestLockResult.txt",
			);
			runOnlyForDeploymentPostprocessing = 0;
			shellPath = /bin/sh;
			shellScript = "diff \"${PODS_PODFILE_DIR_PATH}/Podfile.lock\" \"${PODS_ROOT}/Manifest.lock\" > /dev/null\nif [ $? != 0 ] ; then\n    # print error to STDERR\n    echo \"error: The sandbox is not in sync with the Podfile.lock. Run 'pod install' or update your CocoaPods installation.\" >&2\n    exit 1\nfi\n# This output is used by Xcode 'outputs' to avoid re-running this script phase.\necho \"SUCCESS\" > \"${SCRIPT_OUTPUT_FILE_0}\"\n";
			showEnvVarsInLog = 0;
		};
/* End PBXShellScriptBuildPhase section */

/* Begin PBXSourcesBuildPhase section */
		85930F9420848E7100A8519E /* Sources */ = {
			isa = PBXSourcesBuildPhase;
			buildActionMask = 2147483647;
			files = (
				85EE8D12208B7AF100C4F185 /* MenuController.swift in Sources */,
				85930F9E20848E7100A8519E /* ViewController.swift in Sources */,
				85EE8D10208B795E00C4F185 /* SlideMenuViewController.swift in Sources */,
				85930FA420848E7100A8519E /* DateGoPrototype.xcdatamodeld in Sources */,
				85930F9C20848E7100A8519E /* AppDelegate.swift in Sources */,
			);
			runOnlyForDeploymentPostprocessing = 0;
		};
/* End PBXSourcesBuildPhase section */

/* Begin PBXVariantGroup section */
		85930F9F20848E7100A8519E /* Main.storyboard */ = {
			isa = PBXVariantGroup;
			children = (
				85930FA020848E7100A8519E /* Base */,
			);
			name = Main.storyboard;
			sourceTree = "<group>";
		};
		85930FA720848E7200A8519E /* LaunchScreen.storyboard */ = {
			isa = PBXVariantGroup;
			children = (
				85930FA820848E7200A8519E /* Base */,
			);
			name = LaunchScreen.storyboard;
			sourceTree = "<group>";
		};
/* End PBXVariantGroup section */

/* Begin XCBuildConfiguration section */
		85930FAB20848E7200A8519E /* Debug */ = {
			isa = XCBuildConfiguration;
			buildSettings = {
				ALWAYS_SEARCH_USER_PATHS = NO;
				CLANG_ANALYZER_NONNULL = YES;
				CLANG_ANALYZER_NUMBER_OBJECT_CONVERSION = YES_AGGRESSIVE;
				CLANG_CXX_LANGUAGE_STANDARD = "gnu++14";
				CLANG_CXX_LIBRARY = "libc++";
				CLANG_ENABLE_MODULES = YES;
				CLANG_ENABLE_OBJC_ARC = YES;
				CLANG_ENABLE_OBJC_WEAK = YES;
				CLANG_WARN_BLOCK_CAPTURE_AUTORELEASING = YES;
				CLANG_WARN_BOOL_CONVERSION = YES;
				CLANG_WARN_COMMA = YES;
				CLANG_WARN_CONSTANT_CONVERSION = YES;
				CLANG_WARN_DEPRECATED_OBJC_IMPLEMENTATIONS = YES;
				CLANG_WARN_DIRECT_OBJC_ISA_USAGE = YES_ERROR;
				CLANG_WARN_DOCUMENTATION_COMMENTS = YES;
				CLANG_WARN_EMPTY_BODY = YES;
				CLANG_WARN_ENUM_CONVERSION = YES;
				CLANG_WARN_INFINITE_RECURSION = YES;
				CLANG_WARN_INT_CONVERSION = YES;
				CLANG_WARN_NON_LITERAL_NULL_CONVERSION = YES;
				CLANG_WARN_OBJC_IMPLICIT_RETAIN_SELF = YES;
				CLANG_WARN_OBJC_LITERAL_CONVERSION = YES;
				CLANG_WARN_OBJC_ROOT_CLASS = YES_ERROR;
				CLANG_WARN_RANGE_LOOP_ANALYSIS = YES;
				CLANG_WARN_STRICT_PROTOTYPES = YES;
				CLANG_WARN_SUSPICIOUS_MOVE = YES;
				CLANG_WARN_UNGUARDED_AVAILABILITY = YES_AGGRESSIVE;
				CLANG_WARN_UNREACHABLE_CODE = YES;
				CLANG_WARN__DUPLICATE_METHOD_MATCH = YES;
				CODE_SIGN_IDENTITY = "iPhone Developer";
				COPY_PHASE_STRIP = NO;
				DEBUG_INFORMATION_FORMAT = dwarf;
				ENABLE_STRICT_OBJC_MSGSEND = YES;
				ENABLE_TESTABILITY = YES;
				GCC_C_LANGUAGE_STANDARD = gnu11;
				GCC_DYNAMIC_NO_PIC = NO;
				GCC_NO_COMMON_BLOCKS = YES;
				GCC_OPTIMIZATION_LEVEL = 0;
				GCC_PREPROCESSOR_DEFINITIONS = (
					"DEBUG=1",
					"$(inherited)",
				);
				GCC_WARN_64_TO_32_BIT_CONVERSION = YES;
				GCC_WARN_ABOUT_RETURN_TYPE = YES_ERROR;
				GCC_WARN_UNDECLARED_SELECTOR = YES;
				GCC_WARN_UNINITIALIZED_AUTOS = YES_AGGRESSIVE;
				GCC_WARN_UNUSED_FUNCTION = YES;
				GCC_WARN_UNUSED_VARIABLE = YES;
				IPHONEOS_DEPLOYMENT_TARGET = 11.3;
				MTL_ENABLE_DEBUG_INFO = YES;
				ONLY_ACTIVE_ARCH = YES;
				SDKROOT = iphoneos;
				SWIFT_ACTIVE_COMPILATION_CONDITIONS = DEBUG;
				SWIFT_OPTIMIZATION_LEVEL = "-Onone";
			};
			name = Debug;
		};
		85930FAC20848E7200A8519E /* Release */ = {
			isa = XCBuildConfiguration;
			buildSettings = {
				ALWAYS_SEARCH_USER_PATHS = NO;
				CLANG_ANALYZER_NONNULL = YES;
				CLANG_ANALYZER_NUMBER_OBJECT_CONVERSION = YES_AGGRESSIVE;
				CLANG_CXX_LANGUAGE_STANDARD = "gnu++14";
				CLANG_CXX_LIBRARY = "libc++";
				CLANG_ENABLE_MODULES = YES;
				CLANG_ENABLE_OBJC_ARC = YES;
				CLANG_ENABLE_OBJC_WEAK = YES;
				CLANG_WARN_BLOCK_CAPTURE_AUTORELEASING = YES;
				CLANG_WARN_BOOL_CONVERSION = YES;
				CLANG_WARN_COMMA = YES;
				CLANG_WARN_CONSTANT_CONVERSION = YES;
				CLANG_WARN_DEPRECATED_OBJC_IMPLEMENTATIONS = YES;
				CLANG_WARN_DIRECT_OBJC_ISA_USAGE = YES_ERROR;
				CLANG_WARN_DOCUMENTATION_COMMENTS = YES;
				CLANG_WARN_EMPTY_BODY = YES;
				CLANG_WARN_ENUM_CONVERSION = YES;
				CLANG_WARN_INFINITE_RECURSION = YES;
				CLANG_WARN_INT_CONVERSION = YES;
				CLANG_WARN_NON_LITERAL_NULL_CONVERSION = YES;
				CLANG_WARN_OBJC_IMPLICIT_RETAIN_SELF = YES;
				CLANG_WARN_OBJC_LITERAL_CONVERSION = YES;
				CLANG_WARN_OBJC_ROOT_CLASS = YES_ERROR;
				CLANG_WARN_RANGE_LOOP_ANALYSIS = YES;
				CLANG_WARN_STRICT_PROTOTYPES = YES;
				CLANG_WARN_SUSPICIOUS_MOVE = YES;
				CLANG_WARN_UNGUARDED_AVAILABILITY = YES_AGGRESSIVE;
				CLANG_WARN_UNREACHABLE_CODE = YES;
				CLANG_WARN__DUPLICATE_METHOD_MATCH = YES;
				CODE_SIGN_IDENTITY = "iPhone Developer";
				COPY_PHASE_STRIP = NO;
				DEBUG_INFORMATION_FORMAT = "dwarf-with-dsym";
				ENABLE_NS_ASSERTIONS = NO;
				ENABLE_STRICT_OBJC_MSGSEND = YES;
				GCC_C_LANGUAGE_STANDARD = gnu11;
				GCC_NO_COMMON_BLOCKS = YES;
				GCC_WARN_64_TO_32_BIT_CONVERSION = YES;
				GCC_WARN_ABOUT_RETURN_TYPE = YES_ERROR;
				GCC_WARN_UNDECLARED_SELECTOR = YES;
				GCC_WARN_UNINITIALIZED_AUTOS = YES_AGGRESSIVE;
				GCC_WARN_UNUSED_FUNCTION = YES;
				GCC_WARN_UNUSED_VARIABLE = YES;
				IPHONEOS_DEPLOYMENT_TARGET = 11.3;
				MTL_ENABLE_DEBUG_INFO = NO;
				SDKROOT = iphoneos;
				SWIFT_COMPILATION_MODE = wholemodule;
				SWIFT_OPTIMIZATION_LEVEL = "-O";
				VALIDATE_PRODUCT = YES;
			};
			name = Release;
		};
		85930FAE20848E7200A8519E /* Debug */ = {
			isa = XCBuildConfiguration;
			baseConfigurationReference = EC528A178AD8501E5B5F13B0 /* Pods-DateGoPrototype.debug.xcconfig */;
			buildSettings = {
				ASSETCATALOG_COMPILER_APPICON_NAME = AppIcon;
				CODE_SIGN_STYLE = Automatic;
				DEVELOPMENT_TEAM = 863SU8KM77;
				INFOPLIST_FILE = DateGoPrototype/Info.plist;
				IPHONEOS_DEPLOYMENT_TARGET = 9.3;
				LD_RUNPATH_SEARCH_PATHS = (
					"$(inherited)",
					"@executable_path/Frameworks",
				);
				PRODUCT_BUNDLE_IDENTIFIER = DateGo.DateGoPrototype;
				PRODUCT_NAME = "$(TARGET_NAME)";
				SWIFT_OBJC_BRIDGING_HEADER = "./DateGoPrototype/DateGo-Bridge.h";
				SWIFT_VERSION = 4.0;
				TARGETED_DEVICE_FAMILY = "1,2";
			};
			name = Debug;
		};
		85930FAF20848E7200A8519E /* Release */ = {
			isa = XCBuildConfiguration;
			baseConfigurationReference = 7E3FABB1120714A1FADBF78B /* Pods-DateGoPrototype.release.xcconfig */;
			buildSettings = {
				ASSETCATALOG_COMPILER_APPICON_NAME = AppIcon;
				CODE_SIGN_STYLE = Automatic;
				DEVELOPMENT_TEAM = 863SU8KM77;
				INFOPLIST_FILE = DateGoPrototype/Info.plist;
				IPHONEOS_DEPLOYMENT_TARGET = 9.3;
				LD_RUNPATH_SEARCH_PATHS = (
					"$(inherited)",
					"@executable_path/Frameworks",
				);
				PRODUCT_BUNDLE_IDENTIFIER = DateGo.DateGoPrototype;
				PRODUCT_NAME = "$(TARGET_NAME)";
				SWIFT_OBJC_BRIDGING_HEADER = "./DateGoPrototype/DateGo-Bridge.h";
				SWIFT_VERSION = 4.0;
				TARGETED_DEVICE_FAMILY = "1,2";
			};
			name = Release;
		};
/* End XCBuildConfiguration section */

/* Begin XCConfigurationList section */
		85930F9320848E7100A8519E /* Build configuration list for PBXProject "DateGoPrototype" */ = {
			isa = XCConfigurationList;
			buildConfigurations = (
				85930FAB20848E7200A8519E /* Debug */,
				85930FAC20848E7200A8519E /* Release */,
			);
			defaultConfigurationIsVisible = 0;
			defaultConfigurationName = Release;
		};
		85930FAD20848E7200A8519E /* Build configuration list for PBXNativeTarget "DateGoPrototype" */ = {
			isa = XCConfigurationList;
			buildConfigurations = (
				85930FAE20848E7200A8519E /* Debug */,
				85930FAF20848E7200A8519E /* Release */,
			);
			defaultConfigurationIsVisible = 0;
			defaultConfigurationName = Release;
		};
/* End XCConfigurationList section */

/* Begin XCVersionGroup section */
		85930FA220848E7100A8519E /* DateGoPrototype.xcdatamodeld */ = {
			isa = XCVersionGroup;
			children = (
				85930FA320848E7100A8519E /* DateGoPrototype.xcdatamodel */,
			);
			currentVersion = 85930FA320848E7100A8519E /* DateGoPrototype.xcdatamodel */;
			path = DateGoPrototype.xcdatamodeld;
			sourceTree = "<group>";
			versionGroupType = wrapper.xcdatamodel;
		};
/* End XCVersionGroup section */
	};
	rootObject = 85930F9020848E7100A8519E /* Project object */;
}
